// !$*UTF8*$!
{
	archiveVersion = 1;
	classes = {
	};
	objectVersion = 56;
	objects = {

/* Begin PBXBuildFile section */
		5A19DF552B8E090D0081961E /* Definitionable.swift in Sources */ = {isa = PBXBuildFile; fileRef = 5A19DF542B8E090D0081961E /* Definitionable.swift */; };
		5A19DF592B8E0E760081961E /* Dict_demo.sqlite3 in Resources */ = {isa = PBXBuildFile; fileRef = 5A19DF582B8E0E760081961E /* Dict_demo.sqlite3 */; };
		5A19DF5D2B8E2DED0081961E /* PhraseView.swift in Sources */ = {isa = PBXBuildFile; fileRef = 5A19DF5C2B8E2DED0081961E /* PhraseView.swift */; };
		5A5649F72B8680DD0084746C /* HistoryManager.swift in Sources */ = {isa = PBXBuildFile; fileRef = 5A5649F62B8680DD0084746C /* HistoryManager.swift */; };
		5ABE95522B3EBB0A00E9DC56 /* WordView.swift in Sources */ = {isa = PBXBuildFile; fileRef = 5ABE95512B3EBB0A00E9DC56 /* WordView.swift */; };
		5ABE95562B3F0D6000E9DC56 /* Word.swift in Sources */ = {isa = PBXBuildFile; fileRef = 5ABE95552B3F0D6000E9DC56 /* Word.swift */; };
		5ABE955A2B3F601B00E9DC56 /* SQLite in Frameworks */ = {isa = PBXBuildFile; productRef = 5ABE95592B3F601B00E9DC56 /* SQLite */; };
		5AC33BCD2B438077004EFC79 /* TextWordedView.swift in Sources */ = {isa = PBXBuildFile; fileRef = 5AC33BCC2B438077004EFC79 /* TextWordedView.swift */; };
		5AC781E72B4DAE1A0013CCF4 /* DefenitionView.swift in Sources */ = {isa = PBXBuildFile; fileRef = 5AC781E62B4DAE1A0013CCF4 /* DefenitionView.swift */; };
		5ACC72C22B40E569005E3E6E /* Phrase.swift in Sources */ = {isa = PBXBuildFile; fileRef = 5ACC72C12B40E569005E3E6E /* Phrase.swift */; };
		5ACC72C42B40E714005E3E6E /* Swift.Blob+Extension.swift in Sources */ = {isa = PBXBuildFile; fileRef = 5ACC72C32B40E714005E3E6E /* Swift.Blob+Extension.swift */; };
		5AED74A62B3DF3BA00F7AE4B /* DictionaryApp.swift in Sources */ = {isa = PBXBuildFile; fileRef = 5AED74A52B3DF3BA00F7AE4B /* DictionaryApp.swift */; };
		5AED74A82B3DF3BA00F7AE4B /* ContentView.swift in Sources */ = {isa = PBXBuildFile; fileRef = 5AED74A72B3DF3BA00F7AE4B /* ContentView.swift */; };
		5AED74AA2B3DF3BC00F7AE4B /* Assets.xcassets in Resources */ = {isa = PBXBuildFile; fileRef = 5AED74A92B3DF3BC00F7AE4B /* Assets.xcassets */; };
		5AED74AD2B3DF3BC00F7AE4B /* Preview Assets.xcassets in Resources */ = {isa = PBXBuildFile; fileRef = 5AED74AC2B3DF3BC00F7AE4B /* Preview Assets.xcassets */; };
		5AED74B42B3E190500F7AE4B /* Store.swift in Sources */ = {isa = PBXBuildFile; fileRef = 5AED74B32B3E190500F7AE4B /* Store.swift */; };
		5AED74B62B3E210300F7AE4B /* RelatedWordsView.swift in Sources */ = {isa = PBXBuildFile; fileRef = 5AED74B52B3E210300F7AE4B /* RelatedWordsView.swift */; };
		5AED74B82B3E210E00F7AE4B /* RelatedPhrasesView.swift in Sources */ = {isa = PBXBuildFile; fileRef = 5AED74B72B3E210E00F7AE4B /* RelatedPhrasesView.swift */; };
/* End PBXBuildFile section */

/* Begin PBXFileReference section */
		5A19DF542B8E090D0081961E /* Definitionable.swift */ = {isa = PBXFileReference; lastKnownFileType = sourcecode.swift; path = Definitionable.swift; sourceTree = "<group>"; };
		5A19DF582B8E0E760081961E /* Dict_demo.sqlite3 */ = {isa = PBXFileReference; lastKnownFileType = file; path = Dict_demo.sqlite3; sourceTree = "<group>"; };
		5A19DF5C2B8E2DED0081961E /* PhraseView.swift */ = {isa = PBXFileReference; lastKnownFileType = sourcecode.swift; path = PhraseView.swift; sourceTree = "<group>"; };
		5A5649F62B8680DD0084746C /* HistoryManager.swift */ = {isa = PBXFileReference; lastKnownFileType = sourcecode.swift; path = HistoryManager.swift; sourceTree = "<group>"; };
		5ABE95512B3EBB0A00E9DC56 /* WordView.swift */ = {isa = PBXFileReference; lastKnownFileType = sourcecode.swift; path = WordView.swift; sourceTree = "<group>"; };
		5ABE95552B3F0D6000E9DC56 /* Word.swift */ = {isa = PBXFileReference; lastKnownFileType = sourcecode.swift; path = Word.swift; sourceTree = "<group>"; };
		5AC33BCC2B438077004EFC79 /* TextWordedView.swift */ = {isa = PBXFileReference; lastKnownFileType = sourcecode.swift; path = TextWordedView.swift; sourceTree = "<group>"; };
		5AC781E62B4DAE1A0013CCF4 /* DefenitionView.swift */ = {isa = PBXFileReference; lastKnownFileType = sourcecode.swift; path = DefenitionView.swift; sourceTree = "<group>"; };
		5ACC72C12B40E569005E3E6E /* Phrase.swift */ = {isa = PBXFileReference; lastKnownFileType = sourcecode.swift; path = Phrase.swift; sourceTree = "<group>"; };
		5ACC72C32B40E714005E3E6E /* Swift.Blob+Extension.swift */ = {isa = PBXFileReference; lastKnownFileType = sourcecode.swift; path = "Swift.Blob+Extension.swift"; sourceTree = "<group>"; };
		5AED74A22B3DF3BA00F7AE4B /* Dictionary.app */ = {isa = PBXFileReference; explicitFileType = wrapper.application; includeInIndex = 0; path = Dictionary.app; sourceTree = BUILT_PRODUCTS_DIR; };
		5AED74A52B3DF3BA00F7AE4B /* DictionaryApp.swift */ = {isa = PBXFileReference; lastKnownFileType = sourcecode.swift; path = DictionaryApp.swift; sourceTree = "<group>"; };
		5AED74A72B3DF3BA00F7AE4B /* ContentView.swift */ = {isa = PBXFileReference; lastKnownFileType = sourcecode.swift; path = ContentView.swift; sourceTree = "<group>"; };
		5AED74A92B3DF3BC00F7AE4B /* Assets.xcassets */ = {isa = PBXFileReference; lastKnownFileType = folder.assetcatalog; path = Assets.xcassets; sourceTree = "<group>"; };
		5AED74AC2B3DF3BC00F7AE4B /* Preview Assets.xcassets */ = {isa = PBXFileReference; lastKnownFileType = folder.assetcatalog; path = "Preview Assets.xcassets"; sourceTree = "<group>"; };
		5AED74B32B3E190500F7AE4B /* Store.swift */ = {isa = PBXFileReference; lastKnownFileType = sourcecode.swift; path = Store.swift; sourceTree = "<group>"; };
		5AED74B52B3E210300F7AE4B /* RelatedWordsView.swift */ = {isa = PBXFileReference; lastKnownFileType = sourcecode.swift; path = RelatedWordsView.swift; sourceTree = "<group>"; };
		5AED74B72B3E210E00F7AE4B /* RelatedPhrasesView.swift */ = {isa = PBXFileReference; lastKnownFileType = sourcecode.swift; path = RelatedPhrasesView.swift; sourceTree = "<group>"; };
/* End PBXFileReference section */

/* Begin PBXFrameworksBuildPhase section */
		5AED749F2B3DF3BA00F7AE4B /* Frameworks */ = {
			isa = PBXFrameworksBuildPhase;
			buildActionMask = 2147483647;
			files = (
				5ABE955A2B3F601B00E9DC56 /* SQLite in Frameworks */,
			);
			runOnlyForDeploymentPostprocessing = 0;
		};
/* End PBXFrameworksBuildPhase section */

/* Begin PBXGroup section */
		5ABE95572B3F15A900E9DC56 /* Model */ = {
			isa = PBXGroup;
			children = (
				5A5649F62B8680DD0084746C /* HistoryManager.swift */,
				5A19DF542B8E090D0081961E /* Definitionable.swift */,
				5AED74B32B3E190500F7AE4B /* Store.swift */,
				5ABE95552B3F0D6000E9DC56 /* Word.swift */,
				5ACC72C12B40E569005E3E6E /* Phrase.swift */,
				5ACC72C32B40E714005E3E6E /* Swift.Blob+Extension.swift */,
			);
			path = Model;
			sourceTree = "<group>";
		};
		5AED74992B3DF3BA00F7AE4B = {
			isa = PBXGroup;
			children = (
				5AED74A42B3DF3BA00F7AE4B /* Dictionary */,
				5AED74A32B3DF3BA00F7AE4B /* Products */,
			);
			sourceTree = "<group>";
		};
		5AED74A32B3DF3BA00F7AE4B /* Products */ = {
			isa = PBXGroup;
			children = (
				5AED74A22B3DF3BA00F7AE4B /* Dictionary.app */,
			);
			name = Products;
			sourceTree = "<group>";
		};
		5AED74A42B3DF3BA00F7AE4B /* Dictionary */ = {
			isa = PBXGroup;
			children = (
				5A19DF582B8E0E760081961E /* Dict_demo.sqlite3 */,
				5AED74A52B3DF3BA00F7AE4B /* DictionaryApp.swift */,
				5AED74B92B3E356300F7AE4B /* Views */,
				5ABE95572B3F15A900E9DC56 /* Model */,
				5AED74A92B3DF3BC00F7AE4B /* Assets.xcassets */,
				5AED74AB2B3DF3BC00F7AE4B /* Preview Content */,
			);
			path = Dictionary;
			sourceTree = "<group>";
		};
		5AED74AB2B3DF3BC00F7AE4B /* Preview Content */ = {
			isa = PBXGroup;
			children = (
				5AED74AC2B3DF3BC00F7AE4B /* Preview Assets.xcassets */,
			);
			path = "Preview Content";
			sourceTree = "<group>";
		};
		5AED74B92B3E356300F7AE4B /* Views */ = {
			isa = PBXGroup;
			children = (
				5AED74A72B3DF3BA00F7AE4B /* ContentView.swift */,
				5A19DF5C2B8E2DED0081961E /* PhraseView.swift */,
				5ABE95512B3EBB0A00E9DC56 /* WordView.swift */,
				5AC781E62B4DAE1A0013CCF4 /* DefenitionView.swift */,
				5AC33BCC2B438077004EFC79 /* TextWordedView.swift */,
				5AED74B52B3E210300F7AE4B /* RelatedWordsView.swift */,
				5AED74B72B3E210E00F7AE4B /* RelatedPhrasesView.swift */,
			);
			path = Views;
			sourceTree = "<group>";
		};
/* End PBXGroup section */

/* Begin PBXNativeTarget section */
		5AED74A12B3DF3BA00F7AE4B /* Dictionary */ = {
			isa = PBXNativeTarget;
			buildConfigurationList = 5AED74B02B3DF3BC00F7AE4B /* Build configuration list for PBXNativeTarget "Dictionary" */;
			buildPhases = (
				5AED749E2B3DF3BA00F7AE4B /* Sources */,
				5AED749F2B3DF3BA00F7AE4B /* Frameworks */,
				5AED74A02B3DF3BA00F7AE4B /* Resources */,
			);
			buildRules = (
			);
			dependencies = (
			);
			name = Dictionary;
			packageProductDependencies = (
				5ABE95592B3F601B00E9DC56 /* SQLite */,
			);
			productName = Dictionary;
			productReference = 5AED74A22B3DF3BA00F7AE4B /* Dictionary.app */;
			productType = "com.apple.product-type.application";
		};
/* End PBXNativeTarget section */

/* Begin PBXProject section */
		5AED749A2B3DF3BA00F7AE4B /* Project object */ = {
			isa = PBXProject;
			attributes = {
				BuildIndependentTargetsInParallel = 1;
				LastSwiftUpdateCheck = 1430;
				LastUpgradeCheck = 1430;
				TargetAttributes = {
					5AED74A12B3DF3BA00F7AE4B = {
						CreatedOnToolsVersion = 14.3;
					};
				};
			};
			buildConfigurationList = 5AED749D2B3DF3BA00F7AE4B /* Build configuration list for PBXProject "Dictionary" */;
			compatibilityVersion = "Xcode 14.0";
			developmentRegion = en;
			hasScannedForEncodings = 0;
			knownRegions = (
				en,
				Base,
			);
			mainGroup = 5AED74992B3DF3BA00F7AE4B;
			packageReferences = (
				5ABE95582B3F601B00E9DC56 /* XCRemoteSwiftPackageReference "SQLite.swift" */,
			);
			productRefGroup = 5AED74A32B3DF3BA00F7AE4B /* Products */;
			projectDirPath = "";
			projectRoot = "";
			targets = (
				5AED74A12B3DF3BA00F7AE4B /* Dictionary */,
			);
		};
/* End PBXProject section */

/* Begin PBXResourcesBuildPhase section */
		5AED74A02B3DF3BA00F7AE4B /* Resources */ = {
			isa = PBXResourcesBuildPhase;
			buildActionMask = 2147483647;
			files = (
				5A19DF592B8E0E760081961E /* Dict_demo.sqlite3 in Resources */,
				5AED74AD2B3DF3BC00F7AE4B /* Preview Assets.xcassets in Resources */,
				5AED74AA2B3DF3BC00F7AE4B /* Assets.xcassets in Resources */,
			);
			runOnlyForDeploymentPostprocessing = 0;
		};
/* End PBXResourcesBuildPhase section */

/* Begin PBXSourcesBuildPhase section */
		5AED749E2B3DF3BA00F7AE4B /* Sources */ = {
			isa = PBXSourcesBuildPhase;
			buildActionMask = 2147483647;
			files = (
				5AED74B42B3E190500F7AE4B /* Store.swift in Sources */,
				5AC781E72B4DAE1A0013CCF4 /* DefenitionView.swift in Sources */,
				5ACC72C42B40E714005E3E6E /* Swift.Blob+Extension.swift in Sources */,
				5AC33BCD2B438077004EFC79 /* TextWordedView.swift in Sources */,
				5ABE95562B3F0D6000E9DC56 /* Word.swift in Sources */,
				5ACC72C22B40E569005E3E6E /* Phrase.swift in Sources */,
				5A5649F72B8680DD0084746C /* HistoryManager.swift in Sources */,
				5A19DF5D2B8E2DED0081961E /* PhraseView.swift in Sources */,
				5A19DF552B8E090D0081961E /* Definitionable.swift in Sources */,
				5ABE95522B3EBB0A00E9DC56 /* WordView.swift in Sources */,
				5AED74B82B3E210E00F7AE4B /* RelatedPhrasesView.swift in Sources */,
				5AED74B62B3E210300F7AE4B /* RelatedWordsView.swift in Sources */,
				5AED74A82B3DF3BA00F7AE4B /* ContentView.swift in Sources */,
				5AED74A62B3DF3BA00F7AE4B /* DictionaryApp.swift in Sources */,
			);
			runOnlyForDeploymentPostprocessing = 0;
		};
/* End PBXSourcesBuildPhase section */

/* Begin XCBuildConfiguration section */
		5AED74AE2B3DF3BC00F7AE4B /* Debug */ = {
			isa = XCBuildConfiguration;
			buildSettings = {
				ALWAYS_SEARCH_USER_PATHS = NO;
				CLANG_ANALYZER_NONNULL = YES;
				CLANG_ANALYZER_NUMBER_OBJECT_CONVERSION = YES_AGGRESSIVE;
				CLANG_CXX_LANGUAGE_STANDARD = "gnu++20";
				CLANG_ENABLE_MODULES = YES;
				CLANG_ENABLE_OBJC_ARC = YES;
				CLANG_ENABLE_OBJC_WEAK = YES;
				CLANG_WARN_BLOCK_CAPTURE_AUTORELEASING = YES;
				CLANG_WARN_BOOL_CONVERSION = YES;
				CLANG_WARN_COMMA = YES;
				CLANG_WARN_CONSTANT_CONVERSION = YES;
				CLANG_WARN_DEPRECATED_OBJC_IMPLEMENTATIONS = YES;
				CLANG_WARN_DIRECT_OBJC_ISA_USAGE = YES_ERROR;
				CLANG_WARN_DOCUMENTATION_COMMENTS = YES;
				CLANG_WARN_EMPTY_BODY = YES;
				CLANG_WARN_ENUM_CONVERSION = YES;
				CLANG_WARN_INFINITE_RECURSION = YES;
				CLANG_WARN_INT_CONVERSION = YES;
				CLANG_WARN_NON_LITERAL_NULL_CONVERSION = YES;
				CLANG_WARN_OBJC_IMPLICIT_RETAIN_SELF = YES;
				CLANG_WARN_OBJC_LITERAL_CONVERSION = YES;
				CLANG_WARN_OBJC_ROOT_CLASS = YES_ERROR;
				CLANG_WARN_QUOTED_INCLUDE_IN_FRAMEWORK_HEADER = YES;
				CLANG_WARN_RANGE_LOOP_ANALYSIS = YES;
				CLANG_WARN_STRICT_PROTOTYPES = YES;
				CLANG_WARN_SUSPICIOUS_MOVE = YES;
				CLANG_WARN_UNGUARDED_AVAILABILITY = YES_AGGRESSIVE;
				CLANG_WARN_UNREACHABLE_CODE = YES;
				CLANG_WARN__DUPLICATE_METHOD_MATCH = YES;
				COPY_PHASE_STRIP = NO;
				DEBUG_INFORMATION_FORMAT = dwarf;
				ENABLE_STRICT_OBJC_MSGSEND = YES;
				ENABLE_TESTABILITY = YES;
				GCC_C_LANGUAGE_STANDARD = gnu11;
				GCC_DYNAMIC_NO_PIC = NO;
				GCC_NO_COMMON_BLOCKS = YES;
				GCC_OPTIMIZATION_LEVEL = 0;
				GCC_PREPROCESSOR_DEFINITIONS = (
					"DEBUG=1",
					"$(inherited)",
				);
				GCC_WARN_64_TO_32_BIT_CONVERSION = YES;
				GCC_WARN_ABOUT_RETURN_TYPE = YES_ERROR;
				GCC_WARN_UNDECLARED_SELECTOR = YES;
				GCC_WARN_UNINITIALIZED_AUTOS = YES_AGGRESSIVE;
				GCC_WARN_UNUSED_FUNCTION = YES;
				GCC_WARN_UNUSED_VARIABLE = YES;
				IPHONEOS_DEPLOYMENT_TARGET = 16.4;
				MTL_ENABLE_DEBUG_INFO = INCLUDE_SOURCE;
				MTL_FAST_MATH = YES;
				ONLY_ACTIVE_ARCH = YES;
				SDKROOT = iphoneos;
				SWIFT_ACTIVE_COMPILATION_CONDITIONS = DEBUG;
				SWIFT_OPTIMIZATION_LEVEL = "-Onone";
			};
			name = Debug;
		};
		5AED74AF2B3DF3BC00F7AE4B /* Release */ = {
			isa = XCBuildConfiguration;
			buildSettings = {
				ALWAYS_SEARCH_USER_PATHS = NO;
				CLANG_ANALYZER_NONNULL = YES;
				CLANG_ANALYZER_NUMBER_OBJECT_CONVERSION = YES_AGGRESSIVE;
				CLANG_CXX_LANGUAGE_STANDARD = "gnu++20";
				CLANG_ENABLE_MODULES = YES;
				CLANG_ENABLE_OBJC_ARC = YES;
				CLANG_ENABLE_OBJC_WEAK = YES;
				CLANG_WARN_BLOCK_CAPTURE_AUTORELEASING = YES;
				CLANG_WARN_BOOL_CONVERSION = YES;
				CLANG_WARN_COMMA = YES;
				CLANG_WARN_CONSTANT_CONVERSION = YES;
				CLANG_WARN_DEPRECATED_OBJC_IMPLEMENTATIONS = YES;
				CLANG_WARN_DIRECT_OBJC_ISA_USAGE = YES_ERROR;
				CLANG_WARN_DOCUMENTATION_COMMENTS = YES;
				CLANG_WARN_EMPTY_BODY = YES;
				CLANG_WARN_ENUM_CONVERSION = YES;
				CLANG_WARN_INFINITE_RECURSION = YES;
				CLANG_WARN_INT_CONVERSION = YES;
				CLANG_WARN_NON_LITERAL_NULL_CONVERSION = YES;
				CLANG_WARN_OBJC_IMPLICIT_RETAIN_SELF = YES;
				CLANG_WARN_OBJC_LITERAL_CONVERSION = YES;
				CLANG_WARN_OBJC_ROOT_CLASS = YES_ERROR;
				CLANG_WARN_QUOTED_INCLUDE_IN_FRAMEWORK_HEADER = YES;
				CLANG_WARN_RANGE_LOOP_ANALYSIS = YES;
				CLANG_WARN_STRICT_PROTOTYPES = YES;
				CLANG_WARN_SUSPICIOUS_MOVE = YES;
				CLANG_WARN_UNGUARDED_AVAILABILITY = YES_AGGRESSIVE;
				CLANG_WARN_UNREACHABLE_CODE = YES;
				CLANG_WARN__DUPLICATE_METHOD_MATCH = YES;
				COPY_PHASE_STRIP = NO;
				DEBUG_INFORMATION_FORMAT = "dwarf-with-dsym";
				ENABLE_NS_ASSERTIONS = NO;
				ENABLE_STRICT_OBJC_MSGSEND = YES;
				GCC_C_LANGUAGE_STANDARD = gnu11;
				GCC_NO_COMMON_BLOCKS = YES;
				GCC_WARN_64_TO_32_BIT_CONVERSION = YES;
				GCC_WARN_ABOUT_RETURN_TYPE = YES_ERROR;
				GCC_WARN_UNDECLARED_SELECTOR = YES;
				GCC_WARN_UNINITIALIZED_AUTOS = YES_AGGRESSIVE;
				GCC_WARN_UNUSED_FUNCTION = YES;
				GCC_WARN_UNUSED_VARIABLE = YES;
				IPHONEOS_DEPLOYMENT_TARGET = 16.4;
				MTL_ENABLE_DEBUG_INFO = NO;
				MTL_FAST_MATH = YES;
				SDKROOT = iphoneos;
				SWIFT_COMPILATION_MODE = wholemodule;
				SWIFT_OPTIMIZATION_LEVEL = "-O";
				VALIDATE_PRODUCT = YES;
			};
			name = Release;
		};
		5AED74B12B3DF3BC00F7AE4B /* Debug */ = {
			isa = XCBuildConfiguration;
			buildSettings = {
				ASSETCATALOG_COMPILER_APPICON_NAME = AppIcon;
				ASSETCATALOG_COMPILER_GLOBAL_ACCENT_COLOR_NAME = AccentColor;
				CODE_SIGN_STYLE = Automatic;
				CURRENT_PROJECT_VERSION = 1;
				DEVELOPMENT_ASSET_PATHS = "\"Dictionary/Preview Content\"";
				DEVELOPMENT_TEAM = 7ZT8S862ZF;
				ENABLE_PREVIEWS = YES;
				GENERATE_INFOPLIST_FILE = YES;
				INFOPLIST_KEY_UIApplicationSceneManifest_Generation = YES;
				INFOPLIST_KEY_UIApplicationSupportsIndirectInputEvents = YES;
				INFOPLIST_KEY_UILaunchScreen_Generation = YES;
				INFOPLIST_KEY_UISupportedInterfaceOrientations_iPad = "UIInterfaceOrientationPortrait UIInterfaceOrientationPortraitUpsideDown UIInterfaceOrientationLandscapeLeft UIInterfaceOrientationLandscapeRight";
				INFOPLIST_KEY_UISupportedInterfaceOrientations_iPhone = "UIInterfaceOrientationPortrait UIInterfaceOrientationLandscapeLeft UIInterfaceOrientationLandscapeRight";
				LD_RUNPATH_SEARCH_PATHS = (
					"$(inherited)",
					"@executable_path/Frameworks",
				);
				MARKETING_VERSION = 1.0;
				PRODUCT_BUNDLE_IDENTIFIER = test.sample.dev;
				PRODUCT_NAME = "$(TARGET_NAME)";
				SWIFT_EMIT_LOC_STRINGS = YES;
				SWIFT_VERSION = 5.0;
				TARGETED_DEVICE_FAMILY = "1,2";
			};
			name = Debug;
		};
		5AED74B22B3DF3BC00F7AE4B /* Release */ = {
			isa = XCBuildConfiguration;
			buildSettings = {
				ASSETCATALOG_COMPILER_APPICON_NAME = AppIcon;
				ASSETCATALOG_COMPILER_GLOBAL_ACCENT_COLOR_NAME = AccentColor;
				CODE_SIGN_STYLE = Automatic;
				CURRENT_PROJECT_VERSION = 1;
				DEVELOPMENT_ASSET_PATHS = "\"Dictionary/Preview Content\"";
				DEVELOPMENT_TEAM = 7ZT8S862ZF;
				ENABLE_PREVIEWS = YES;
				GENERATE_INFOPLIST_FILE = YES;
				INFOPLIST_KEY_UIApplicationSceneManifest_Generation = YES;
				INFOPLIST_KEY_UIApplicationSupportsIndirectInputEvents = YES;
				INFOPLIST_KEY_UILaunchScreen_Generation = YES;
				INFOPLIST_KEY_UISupportedInterfaceOrientations_iPad = "UIInterfaceOrientationPortrait UIInterfaceOrientationPortraitUpsideDown UIInterfaceOrientationLandscapeLeft UIInterfaceOrientationLandscapeRight";
				INFOPLIST_KEY_UISupportedInterfaceOrientations_iPhone = "UIInterfaceOrientationPortrait UIInterfaceOrientationLandscapeLeft UIInterfaceOrientationLandscapeRight";
				LD_RUNPATH_SEARCH_PATHS = (
					"$(inherited)",
					"@executable_path/Frameworks",
				);
				MARKETING_VERSION = 1.0;
				PRODUCT_BUNDLE_IDENTIFIER = test.sample.dev;
				PRODUCT_NAME = "$(TARGET_NAME)";
				SWIFT_EMIT_LOC_STRINGS = YES;
				SWIFT_VERSION = 5.0;
				TARGETED_DEVICE_FAMILY = "1,2";
			};
			name = Release;
		};
/* End XCBuildConfiguration section */

/* Begin XCConfigurationList section */
		5AED749D2B3DF3BA00F7AE4B /* Build configuration list for PBXProject "Dictionary" */ = {
			isa = XCConfigurationList;
			buildConfigurations = (
				5AED74AE2B3DF3BC00F7AE4B /* Debug */,
				5AED74AF2B3DF3BC00F7AE4B /* Release */,
			);
			defaultConfigurationIsVisible = 0;
			defaultConfigurationName = Release;
		};
		5AED74B02B3DF3BC00F7AE4B /* Build configuration list for PBXNativeTarget "Dictionary" */ = {
			isa = XCConfigurationList;
			buildConfigurations = (
				5AED74B12B3DF3BC00F7AE4B /* Debug */,
				5AED74B22B3DF3BC00F7AE4B /* Release */,
			);
			defaultConfigurationIsVisible = 0;
			defaultConfigurationName = Release;
		};
/* End XCConfigurationList section */

/* Begin XCRemoteSwiftPackageReference section */
		5ABE95582B3F601B00E9DC56 /* XCRemoteSwiftPackageReference "SQLite.swift" */ = {
			isa = XCRemoteSwiftPackageReference;
			repositoryURL = "https://github.com/stephencelis/SQLite.swift.git";
			requirement = {
				kind = upToNextMajorVersion;
				minimumVersion = 0.14.1;
			};
		};
/* End XCRemoteSwiftPackageReference section */

/* Begin XCSwiftPackageProductDependency section */
		5ABE95592B3F601B00E9DC56 /* SQLite */ = {
			isa = XCSwiftPackageProductDependency;
			package = 5ABE95582B3F601B00E9DC56 /* XCRemoteSwiftPackageReference "SQLite.swift" */;
			productName = SQLite;
		};
/* End XCSwiftPackageProductDependency section */
	};
	rootObject = 5AED749A2B3DF3BA00F7AE4B /* Project object */;
}
